lockfileVersion: 5.3

specifiers:
  '@vue/server-renderer': ^3.2.6
  '@vueuse/core': ^6.0.0
  '@vueuse/head': ^0.6.0
  node-fetch: '*'
  nprogress: ^0.2.0
  vue: ^3.2.0
  vue-router: ^4.0.11

dependencies:
  '@vue/server-renderer': 3.2.6_vue@3.2.6
  '@vueuse/core': 6.0.0_vue@3.2.6
  '@vueuse/head': 0.6.0_vue@3.2.6
  node-fetch: 2.6.1
  nprogress: 0.2.0
  vue: 3.2.6
  vue-router: 4.0.11_vue@3.2.6

packages:

  /@babel/helper-validator-identifier/7.14.9:
    resolution: {integrity: sha512-pQYxPY0UP6IHISRitNe8bsijHex4TWZXi2HwKVsjPiltzlhse2znVcm9Ace510VT1kxIHjGJCZZQBX2gJDbo0g==}
    engines: {node: '>=6.9.0'}
    dev: false

  /@babel/parser/7.15.3:
    resolution: {integrity: sha512-O0L6v/HvqbdJawj0iBEfVQMc3/6WP+AeOsovsIgBFyJaG+W2w7eqvZB7puddATmWuARlm1SX7DwxJ/JJUnDpEA==}
    engines: {node: '>=6.0.0'}
    hasBin: true
    dev: false

  /@babel/types/7.15.0:
    resolution: {integrity: sha512-OBvfqnllOIdX4ojTHpwZbpvz4j3EWyjkZEdmjH0/cgsd6QOdSgU8rLSk6ard/pcW7rlmjdVSX/AWOaORR1uNOQ==}
    engines: {node: '>=6.9.0'}
    dependencies:
      '@babel/helper-validator-identifier': 7.14.9
      to-fast-properties: 2.0.0
    dev: false

  /@vue/compiler-core/3.2.6:
    resolution: {integrity: sha512-vbwnz7+OhtLO5p5i630fTuQCL+MlUpEMTKHuX+RfetQ+3pFCkItt2JUH+9yMaBG2Hkz6av+T9mwN/acvtIwpbw==}
    dependencies:
      '@babel/parser': 7.15.3
      '@babel/types': 7.15.0
      '@vue/shared': 3.2.6
      estree-walker: 2.0.2
      source-map: 0.6.1
    dev: false

  /@vue/compiler-dom/3.2.6:
    resolution: {integrity: sha512-+a/3oBAzFIXhHt8L5IHJOTP4a5egzvpXYyi13jR7CUYOR1S+Zzv7vBWKYBnKyJLwnrxTZnTQVjeHCgJq743XKg==}
    dependencies:
      '@vue/compiler-core': 3.2.6
      '@vue/shared': 3.2.6
    dev: false

  /@vue/compiler-ssr/3.2.6:
    resolution: {integrity: sha512-A7IKRKHSyPnTC4w1FxHkjzoyjXInsXkcs/oX22nBQ+6AWlXj2Tt1le96CWPOXy5vYlsTYkF1IgfBaKIdeN/39g==}
    dependencies:
      '@vue/compiler-dom': 3.2.6
      '@vue/shared': 3.2.6
    dev: false

  /@vue/devtools-api/6.0.0-beta.15:
    resolution: {integrity: sha512-quBx4Jjpexo6KDiNUGFr/zF/2A4srKM9S9v2uHgMXSU//hjgq1eGzqkIFql8T9gfX5ZaVOUzYBP3jIdIR3PKIA==}
    dev: false

  /@vue/reactivity/3.2.6:
    resolution: {integrity: sha512-8vIDD2wpCnYisNNZjmcIj+Rixn0uhZNY3G1vzlgdVdLygeRSuFjkmnZk6WwvGzUWpKfnG0e/NUySM3mVi59hAA==}
    dependencies:
      '@vue/shared': 3.2.6
    dev: false

  /@vue/runtime-core/3.2.6:
    resolution: {integrity: sha512-3mqtgpj/YSGFxtvTufSERRApo92B16JNNxz9p+5eG6PPuqTmuRJz214MqhKBEgLEAIQ6R6YCbd83ZDtjQnyw2g==}
    dependencies:
      '@vue/reactivity': 3.2.6
      '@vue/shared': 3.2.6
    dev: false

  /@vue/runtime-dom/3.2.6:
    resolution: {integrity: sha512-fq33urnP0BNCGm2O3KCzkJlKIHI80C94HJ4qDZbjsTtxyOn5IHqwKSqXVN3RQvO6epcQH+sWS+JNwcNDPzoasg==}
    dependencies:
      '@vue/runtime-core': 3.2.6
      '@vue/shared': 3.2.6
      csstype: 2.6.17
    dev: false

  /@vue/server-renderer/3.2.6_vue@3.2.6:
    resolution: {integrity: sha512-Izc4F79W8Q36qLV442Yp1xOdwekb5DwA2p8wFsWmhgDLDeZOP9LeyYqN5BduDtAfLVe7gHOwt2Xg7QQltSVuBA==}
    peerDependencies:
      vue: 3.2.6
    dependencies:
      '@vue/compiler-ssr': 3.2.6
      '@vue/shared': 3.2.6
      vue: 3.2.6
    dev: false

  /@vue/shared/3.2.6:
    resolution: {integrity: sha512-uwX0Qs2e6kdF+WmxwuxJxOnKs/wEkMArtYpHSm7W+VY/23Tl8syMRyjnzEeXrNCAP0/8HZxEGkHJsjPEDNRuHw==}
    dev: false

  /@vueuse/core/6.0.0_vue@3.2.6:
    resolution: {integrity: sha512-PuBfNo/Zv+NkLcZaYWBA1WjqxQhTDC0DMQpoAIJdo/GFul/1SpBbONhUho2zqtOmq8vyGuK200wNFvyA4YUAMg==}
    peerDependencies:
      '@vue/composition-api': ^1.1.0
      vue: ^2.6.0 || ^3.2.0
    peerDependenciesMeta:
      '@vue/composition-api':
        optional: true
      vue:
        optional: true
    dependencies:
      '@vueuse/shared': 6.0.0_vue@3.2.6
      vue: 3.2.6
      vue-demi: 0.11.3_vue@3.2.6
    dev: false

  /@vueuse/head/0.6.0_vue@3.2.6:
    resolution: {integrity: sha512-fi7ZjkMpEAUtTT6iR5wgL2HkX1+3zbrmbpcwU//RgJIWEr5b42jk8E9yOheaC2dYAAHzelAllVpX0pDmhcTXuw==}
    peerDependencies:
      vue: '>=3'
    dependencies:
      vue: 3.2.6
    dev: false

  /@vueuse/shared/6.0.0_vue@3.2.6:
    resolution: {integrity: sha512-PLjjqL8bxI5q86qk/ifXy572nfQE3rJc1RMem+dKcGayaagMnC4kXHEt64V98DVielSwr2FuYaeFodi4KJrvdg==}
    peerDependencies:
      '@vue/composition-api': ^1.1.0
      vue: ^2.6.0 || ^3.2.0
    peerDependenciesMeta:
      '@vue/composition-api':
        optional: true
      vue:
        optional: true
    dependencies:
      vue: 3.2.6
      vue-demi: 0.11.3_vue@3.2.6
    dev: false

  /csstype/2.6.17:
    resolution: {integrity: sha512-u1wmTI1jJGzCJzWndZo8mk4wnPTZd1eOIYTYvuEyOQGfmDl3TrabCCfKnOC86FZwW/9djqTl933UF/cS425i9A==}
    dev: false

  /estree-walker/2.0.2:
    resolution: {integrity: sha512-Rfkk/Mp/DL7JVje3u18FxFujQlTNR2q6QfMSMB7AvCBx91NGj/ba3kCfza0f6dVDbw7YlRf/nDrn7pQrCCyQ/w==}
    dev: false

  /node-fetch/2.6.1:
    resolution: {integrity: sha512-V4aYg89jEoVRxRb2fJdAg8FHvI7cEyYdVAh94HH0UIK8oJxUfkjlDQN9RbMx+bEjP7+ggMiFRprSti032Oipxw==}
    engines: {node: 4.x || >=6.0.0}
    dev: false

  /nprogress/0.2.0:
    resolution: {integrity: sha1-y480xTIT2JVyP8urkH6UIq28r7E=}
    dev: false

  /source-map/0.6.1:
    resolution: {integrity: sha512-UjgapumWlbMhkBgzT7Ykc5YXUT46F0iKu8SGXq0bcwP5dz/h0Plj6enJqjz1Zbq2l5WaqYnrVbwWOWMyF3F47g==}
    engines: {node: '>=0.10.0'}
    dev: false

  /to-fast-properties/2.0.0:
    resolution: {integrity: sha1-3F5pjL0HkmW8c+A3doGk5Og/YW4=}
    engines: {node: '>=4'}
    dev: false

  /vue-demi/0.11.3_vue@3.2.6:
    resolution: {integrity: sha512-DpM0TTMpclRZDV6AIacgg837zrim/C9Zn+2ztXBs9hsESJN9vC83ztjTe4KC4HgJuVle8YUjPp7HTwWtwOHfmg==}
    engines: {node: '>=12'}
    hasBin: true
    requiresBuild: true
    peerDependencies:
      '@vue/composition-api': ^1.0.0-rc.1
      vue: ^3.0.0-0 || ^2.6.0
    peerDependenciesMeta:
      '@vue/composition-api':
        optional: true
    dependencies:
      vue: 3.2.6
    dev: false

  /vue-router/4.0.11_vue@3.2.6:
    resolution: {integrity: sha512-sha6I8fx9HWtvTrFZfxZkiQQBpqSeT+UCwauYjkdOQYRvwsGwimlQQE2ayqUwuuXGzquFpCPoXzYKWlzL4OuXg==}
    peerDependencies:
      vue: ^3.0.0
    dependencies:
      '@vue/devtools-api': 6.0.0-beta.15
      vue: 3.2.6
    dev: false

  /vue/3.2.6:
    resolution: {integrity: sha512-Zlb3LMemQS3Xxa6xPsecu45bNjr1hxO8Bh5FUmE0Dr6Ot0znZBKiM47rK6O7FTcakxOnvVN+NTXWJF6u8ajpCQ==}
    dependencies:
      '@vue/compiler-dom': 3.2.6
      '@vue/runtime-dom': 3.2.6
      '@vue/shared': 3.2.6
    dev: false
