{
  "requires": true,
  "lockfileVersion": 1,
  "dependencies": {
    "@babel/helper-validator-identifier": {
      "version": "7.12.11",
      "resolved": "https://registry.npmjs.org/@babel/helper-validator-identifier/-/helper-validator-identifier-7.12.11.tgz",
      "integrity": "sha512-np/lG3uARFybkoHokJUmf1QfEvRVCPbmQeUQpKow5cQ3xWrV9i3rUHodKDJPQfTVX61qKi+UdYk8kik84n7XOw=="
    },
    "@babel/parser": {
      "version": "7.13.13",
      "resolved": "https://registry.npmjs.org/@babel/parser/-/parser-7.13.13.tgz",
      "integrity": "sha512-OhsyMrqygfk5v8HmWwOzlYjJrtLaFhF34MrfG/Z73DgYCI6ojNUTUp2TYbtnjo8PegeJp12eamsNettCQjKjVw=="
    },
    "@babel/types": {
      "version": "7.13.14",
      "resolved": "https://registry.npmjs.org/@babel/types/-/types-7.13.14.tgz",
      "integrity": "sha512-A2aa3QTkWoyqsZZFl56MLUsfmh7O0gN41IPvXAE/++8ojpbz12SszD7JEGYVdn4f9Kt4amIei07swF1h4AqmmQ==",
      "requires": {
        "@babel/helper-validator-identifier": "^7.12.11",
        "lodash": "^4.17.19",
        "to-fast-properties": "^2.0.0"
      }
    },
    "@intlify/core-base": {
      "version": "9.1.6",
      "resolved": "https://registry.npmjs.org/@intlify/core-base/-/core-base-9.1.6.tgz",
      "integrity": "sha512-d5GDPpsQbqPkisSJA5b6nJFEkalY/IHAd7vOLNd/Sj4YaNRzXtInu2FoqKiOv8e/lQnXGTpurdCZg5Jxq1Gsxw==",
      "requires": {
        "@intlify/devtools-if": "9.1.6",
        "@intlify/message-compiler": "9.1.6",
        "@intlify/message-resolver": "9.1.6",
        "@intlify/runtime": "9.1.6",
        "@intlify/shared": "9.1.6",
        "@intlify/vue-devtools": "9.1.6"
      }
    },
    "@intlify/devtools-if": {
      "version": "9.1.6",
      "resolved": "https://registry.npmjs.org/@intlify/devtools-if/-/devtools-if-9.1.6.tgz",
      "integrity": "sha512-m8Api+kh+BtFa2FZ/JjIdr1ibsGGqBjdKCzWo5BZecEUxBquIeOQZwpokPh/0K5j+/PZleFXkVAMC5mNt+9WdA==",
      "requires": {
        "@intlify/shared": "9.1.6"
      }
    },
    "@intlify/message-compiler": {
      "version": "9.1.6",
      "resolved": "https://registry.npmjs.org/@intlify/message-compiler/-/message-compiler-9.1.6.tgz",
      "integrity": "sha512-DR8645VOrVK6x/8tkaCpHnckMAIcoOgeNS5j0wB12RfZoXYQp7vAXMaOP511KMll2mXCREgIB0ojpajiof7yzQ==",
      "requires": {
        "@intlify/message-resolver": "9.1.6",
        "@intlify/shared": "9.1.6",
        "source-map": "0.6.1"
      }
    },
    "@intlify/message-resolver": {
      "version": "9.1.6",
      "resolved": "https://registry.npmjs.org/@intlify/message-resolver/-/message-resolver-9.1.6.tgz",
      "integrity": "sha512-UUnbawQa5U9sffd5wRIscqtyY1xWlwJbyfwCLPEWLvBhyAnCwPYlvaHGnnO0CSi0fzJTVwlV9DYzobh3agDeMA=="
    },
    "@intlify/runtime": {
      "version": "9.1.6",
      "resolved": "https://registry.npmjs.org/@intlify/runtime/-/runtime-9.1.6.tgz",
      "integrity": "sha512-U1QZ+TPf3kQQvWo4BA2mj3cHAxMRHXNTBhu2u+deh6ubTqXdZ19XGBTMSasrXG6RE+zSio9oM+ndoLja7JGtPg==",
      "requires": {
        "@intlify/message-compiler": "9.1.6",
        "@intlify/message-resolver": "9.1.6",
        "@intlify/shared": "9.1.6"
      }
    },
    "@intlify/shared": {
      "version": "9.1.6",
      "resolved": "https://registry.npmjs.org/@intlify/shared/-/shared-9.1.6.tgz",
      "integrity": "sha512-6MtsKulyfZxdD7OuxjaODjj8QWoHCnLFAk4wkWiHqBCa6UCTC0qXjtEeZ1MxpQihvFmmJZauBUu25EvtngW5qQ=="
    },
    "@intlify/vue-devtools": {
      "version": "9.1.6",
      "resolved": "https://registry.npmjs.org/@intlify/vue-devtools/-/vue-devtools-9.1.6.tgz",
      "integrity": "sha512-UdNovg4OML9rIr1sOGZzTfNr1nUy4UQpDf5ni4dNC93T6FIkVJz0n1Np7Vp7e6gDjcmufRYcV99tEwjQSN9+5A==",
      "requires": {
        "@intlify/message-resolver": "9.1.6",
        "@intlify/runtime": "9.1.6",
        "@intlify/shared": "9.1.6"
      }
    },
    "@vue/compiler-core": {
      "version": "3.0.11",
      "resolved": "https://registry.npmjs.org/@vue/compiler-core/-/compiler-core-3.0.11.tgz",
      "integrity": "sha512-6sFj6TBac1y2cWCvYCA8YzHJEbsVkX7zdRs/3yK/n1ilvRqcn983XvpBbnN3v4mZ1UiQycTvOiajJmOgN9EVgw==",
      "requires": {
        "@babel/parser": "^7.12.0",
        "@babel/types": "^7.12.0",
        "@vue/shared": "3.0.11",
        "estree-walker": "^2.0.1",
        "source-map": "^0.6.1"
      }
    },
    "@vue/compiler-dom": {
      "version": "3.0.11",
      "resolved": "https://registry.npmjs.org/@vue/compiler-dom/-/compiler-dom-3.0.11.tgz",
      "integrity": "sha512-+3xB50uGeY5Fv9eMKVJs2WSRULfgwaTJsy23OIltKgMrynnIj8hTYY2UL97HCoz78aDw1VDXdrBQ4qepWjnQcw==",
      "requires": {
        "@vue/compiler-core": "3.0.11",
        "@vue/shared": "3.0.11"
      }
    },
    "@vue/compiler-ssr": {
      "version": "3.0.11",
      "resolved": "https://registry.npmjs.org/@vue/compiler-ssr/-/compiler-ssr-3.0.11.tgz",
      "integrity": "sha512-66yUGI8SGOpNvOcrQybRIhl2M03PJ+OrDPm78i7tvVln86MHTKhM3ERbALK26F7tXl0RkjX4sZpucCpiKs3MnA==",
      "requires": {
        "@vue/compiler-dom": "3.0.11",
        "@vue/shared": "3.0.11"
      }
    },
    "@vue/devtools-api": {
      "version": "6.0.0-beta.8",
      "resolved": "https://registry.npmjs.org/@vue/devtools-api/-/devtools-api-6.0.0-beta.8.tgz",
      "integrity": "sha512-I2QYmUYvuJnMMX/4/i+fbCf2nlAkjfw58siw0whFlUT7LTvTc5Xv7jcLP5XS3+8LkHd7UtVhU7EBGMfA7jkXXg=="
    },
    "@vue/reactivity": {
      "version": "3.0.11",
      "resolved": "https://registry.npmjs.org/@vue/reactivity/-/reactivity-3.0.11.tgz",
      "integrity": "sha512-SKM3YKxtXHBPMf7yufXeBhCZ4XZDKP9/iXeQSC8bBO3ivBuzAi4aZi0bNoeE2IF2iGfP/AHEt1OU4ARj4ao/Xw==",
      "requires": {
        "@vue/shared": "3.0.11"
      }
    },
    "@vue/runtime-core": {
      "version": "3.0.11",
      "resolved": "https://registry.npmjs.org/@vue/runtime-core/-/runtime-core-3.0.11.tgz",
      "integrity": "sha512-87XPNwHfz9JkmOlayBeCCfMh9PT2NBnv795DSbi//C/RaAnc/bGZgECjmkD7oXJ526BZbgk9QZBPdFT8KMxkAg==",
      "requires": {
        "@vue/reactivity": "3.0.11",
        "@vue/shared": "3.0.11"
      }
    },
    "@vue/runtime-dom": {
      "version": "3.0.11",
      "resolved": "https://registry.npmjs.org/@vue/runtime-dom/-/runtime-dom-3.0.11.tgz",
      "integrity": "sha512-jm3FVQESY3y2hKZ2wlkcmFDDyqaPyU3p1IdAX92zTNeCH7I8zZ37PtlE1b9NlCtzV53WjB4TZAYh9yDCMIEumA==",
      "requires": {
        "@vue/runtime-core": "3.0.11",
        "@vue/shared": "3.0.11",
        "csstype": "^2.6.8"
      }
    },
    "@vue/server-renderer": {
      "version": "3.0.11",
      "resolved": "https://registry.npmjs.org/@vue/server-renderer/-/server-renderer-3.0.11.tgz",
      "integrity": "sha512-NtXRxCq+jJWohce7s2kgUdO7gD6LRrWhvpGUMrpp65ODxuwolVHVyacyvAnU9bxTj11xw+ErC7Q2+su9mJusEg==",
      "requires": {
        "@vue/compiler-ssr": "3.0.11",
        "@vue/shared": "3.0.11"
      }
    },
    "@vue/shared": {
      "version": "3.0.11",
      "resolved": "https://registry.npmjs.org/@vue/shared/-/shared-3.0.11.tgz",
      "integrity": "sha512-b+zB8A2so8eCE0JsxjL24J7vdGl8rzPQ09hZNhystm+KqSbKcAej1A+Hbva1rCMmTTqA+hFnUSDc5kouEo0JzA=="
    },
    "@vueuse/core": {
      "version": "4.9.1",
      "resolved": "https://registry.npmjs.org/@vueuse/core/-/core-4.9.1.tgz",
      "integrity": "sha512-BmmEEaistQqNsGlmmpwS2fRkzpf/2riBnUAmm4uDOj4ZDUpssCvCyTeOoIGbZYg92Hzaz0YF9qSeE7megjYLCg==",
      "requires": {
        "@vueuse/shared": "4.9.1",
        "vue-demi": "*"
      }
    },
    "@vueuse/head": {
      "version": "0.5.1",
      "resolved": "https://registry.npmjs.org/@vueuse/head/-/head-0.5.1.tgz",
      "integrity": "sha512-xt6qgtItb4z/7vp664opQc0c2+ZoU9itMfvpmg4+h0uJcEnhl7LYxO4V+G8H7EVki7SyXDIFMfoCiCFaJrArmg=="
    },
    "@vueuse/shared": {
      "version": "4.9.1",
      "resolved": "https://registry.npmjs.org/@vueuse/shared/-/shared-4.9.1.tgz",
      "integrity": "sha512-5jj+/Ve7e82LP4OFpU8jBRhjC7QGUxI95U2m4bB2BGuWA8v6r2EVV7AVkU/rXZ5EvRoYkAnUs8jWRCj0QlD6XQ==",
      "requires": {
        "vue-demi": "*"
      }
    },
    "csstype": {
      "version": "2.6.16",
      "resolved": "https://registry.npmjs.org/csstype/-/csstype-2.6.16.tgz",
      "integrity": "sha512-61FBWoDHp/gRtsoDkq/B1nWrCUG/ok1E3tUrcNbZjsE9Cxd9yzUirjS3+nAATB8U4cTtaQmAHbNndoFz5L6C9Q=="
    },
    "estree-walker": {
      "version": "2.0.2",
      "resolved": "https://registry.npmjs.org/estree-walker/-/estree-walker-2.0.2.tgz",
      "integrity": "sha512-Rfkk/Mp/DL7JVje3u18FxFujQlTNR2q6QfMSMB7AvCBx91NGj/ba3kCfza0f6dVDbw7YlRf/nDrn7pQrCCyQ/w=="
    },
    "lodash": {
      "version": "4.17.21",
      "resolved": "https://registry.npmjs.org/lodash/-/lodash-4.17.21.tgz",
      "integrity": "sha512-v2kDEe57lecTulaDIuNTPy3Ry4gLGJ6Z1O3vE1krgXZNrsQ+LFTGHVxVjcXPs17LhbZVGedAJv8XZ1tvj5FvSg=="
    },
    "node-fetch": {
      "version": "2.6.1",
      "resolved": "https://registry.npmjs.org/node-fetch/-/node-fetch-2.6.1.tgz",
      "integrity": "sha512-V4aYg89jEoVRxRb2fJdAg8FHvI7cEyYdVAh94HH0UIK8oJxUfkjlDQN9RbMx+bEjP7+ggMiFRprSti032Oipxw=="
    },
    "nprogress": {
      "version": "0.2.0",
      "resolved": "https://registry.npmjs.org/nprogress/-/nprogress-0.2.0.tgz",
      "integrity": "sha1-y480xTIT2JVyP8urkH6UIq28r7E="
    },
    "source-map": {
      "version": "0.6.1",
      "resolved": "https://registry.npmjs.org/source-map/-/source-map-0.6.1.tgz",
      "integrity": "sha512-UjgapumWlbMhkBgzT7Ykc5YXUT46F0iKu8SGXq0bcwP5dz/h0Plj6enJqjz1Zbq2l5WaqYnrVbwWOWMyF3F47g=="
    },
    "to-fast-properties": {
      "version": "2.0.0",
      "resolved": "https://registry.npmjs.org/to-fast-properties/-/to-fast-properties-2.0.0.tgz",
      "integrity": "sha1-3F5pjL0HkmW8c+A3doGk5Og/YW4="
    },
    "vue": {
      "version": "3.0.11",
      "resolved": "https://registry.npmjs.org/vue/-/vue-3.0.11.tgz",
      "integrity": "sha512-3/eUi4InQz8MPzruHYSTQPxtM3LdZ1/S/BvaU021zBnZi0laRUyH6pfuE4wtUeLvI8wmUNwj5wrZFvbHUXL9dw==",
      "requires": {
        "@vue/compiler-dom": "3.0.11",
        "@vue/runtime-dom": "3.0.11",
        "@vue/shared": "3.0.11"
      }
    },
    "vue-demi": {
      "version": "0.7.5",
      "resolved": "https://registry.npmjs.org/vue-demi/-/vue-demi-0.7.5.tgz",
      "integrity": "sha512-eFSQSvbQdY7C9ujOzvM6tn7XxwLjn0VQDXQsiYBLBwf28Na+2nTQR4BBBcomhmdP6mmHlBKAwarq6a0BPG87hQ=="
    },
    "vue-i18n": {
      "version": "9.1.6",
      "resolved": "https://registry.npmjs.org/vue-i18n/-/vue-i18n-9.1.6.tgz",
      "integrity": "sha512-FEC4HZkTH6QRIu/A0wlo0VS/GH3w/fuCC6xfvoC8IyhhtbG9A+go9NfW+HZ1ZXdAcO4EWcVQi04M+iSwuxgixw==",
      "requires": {
        "@intlify/core-base": "9.1.6",
        "@intlify/shared": "9.1.6",
        "@intlify/vue-devtools": "9.1.6",
        "@vue/devtools-api": "^6.0.0-beta.7"
      }
    },
    "vue-router": {
      "version": "4.0.6",
      "resolved": "https://registry.npmjs.org/vue-router/-/vue-router-4.0.6.tgz",
      "integrity": "sha512-Y04llmK2PyaESj+N33VxLjGCUDuv9t4q2OpItEGU7POZiuQZaugV6cJpE6Qm1sVFtxufodLKN2y2dQl9nk0Reg=="
    }
  }
}
